<?xml version="1.0" encoding="utf-8"?>
<Project ToolsVersion="4.0" xmlns="http://schemas.microsoft.com/developer/msbuild/2003">
  <ItemGroup>
    <Filter Include="Source Files">
      <UniqueIdentifier>{4FC737F1-C7A5-4376-A066-2A32D752A2FF}</UniqueIdentifier>
      <Extensions>cpp;c;cc;cxx;def;odl;idl;hpj;bat;asm;asmx</Extensions>
    </Filter>
    <Filter Include="Header Files">
      <UniqueIdentifier>{93995380-89BD-4b04-88EB-625FBE52EBFB}</UniqueIdentifier>
      <Extensions>h;hh;hpp;hxx;hm;inl;inc;xsd</Extensions>
    </Filter>
    <Filter Include="Resource Files">
      <UniqueIdentifier>{67DA6AB6-F800-4c08-8B7A-83BB121AAD01}</UniqueIdentifier>
      <Extensions>rc;ico;cur;bmp;dlg;rc2;rct;bin;rgs;gif;jpg;jpeg;jpe;resx;tiff;tif;png;wav</Extensions>
    </Filter>
  </ItemGroup>
  <ItemGroup>
    <ClCompile Include="chap_10_x_q2_a.cpp">
      <Filter>Source Files</Filter>
    </ClCompile>
    <ClCompile Include="chap_11_9_q1.cpp">
      <Filter>Source Files</Filter>
    </ClCompile>
    <ClCompile Include="chap_11_X_q2.cpp">
      <Filter>Source Files</Filter>
    </ClCompile>
    <ClCompile Include="chap_12_x_q5.cpp">
      <Filter>Source Files</Filter>
    </ClCompile>
    <ClCompile Include="chap_4_x_q2.cpp">
      <Filter>Source Files</Filter>
    </ClCompile>
    <ClCompile Include="chap_4_x_q3.cpp">
      <Filter>Source Files</Filter>
    </ClCompile>
    <ClCompile Include="chap_5_7_q1.cpp">
      <Filter>Source Files</Filter>
    </ClCompile>
    <ClCompile Include="chap_5_x_q4.cpp">
      <Filter>Source Files</Filter>
    </ClCompile>
    <ClCompile Include="chap_6_3_q2.cpp">
      <Filter>Source Files</Filter>
    </ClCompile>
    <ClCompile Include="chap_6_8_q2.cpp">
      <Filter>Source Files</Filter>
    </ClCompile>
    <ClCompile Include="chap_6_x_q1.cpp">
      <Filter>Source Files</Filter>
    </ClCompile>
    <ClCompile Include="chap_7_3_q1.cpp">
      <Filter>Source Files</Filter>
    </ClCompile>
    <ClCompile Include="chap_7_x_q2.cpp">
      <Filter>Source Files</Filter>
    </ClCompile>
    <ClCompile Include="chap_7_x_q3.cpp">
      <Filter>Source Files</Filter>
    </ClCompile>
    <ClCompile Include="chap_8_10_q1.cpp">
      <Filter>Source Files</Filter>
    </ClCompile>
    <ClCompile Include="chap_8_10_q2.cpp">
      <Filter>Source Files</Filter>
    </ClCompile>
    <ClCompile Include="chap_8_10_q4.cpp">
      <Filter>Source Files</Filter>
    </ClCompile>
    <ClCompile Include="chap_8_6_q1.cpp">
      <Filter>Source Files</Filter>
    </ClCompile>
    <ClCompile Include="chap_8_8_q2.cpp">
      <Filter>Source Files</Filter>
    </ClCompile>
    <ClCompile Include="chap_8_8_q3.cpp">
      <Filter>Source Files</Filter>
    </ClCompile>
    <ClCompile Include="chap_8_8_q4.cpp">
      <Filter>Source Files</Filter>
    </ClCompile>
    <ClCompile Include="chap_8_x_q1.cpp">
      <Filter>Source Files</Filter>
    </ClCompile>
    <ClCompile Include="chap_8_x_q2.cpp">
      <Filter>Source Files</Filter>
    </ClCompile>
    <ClCompile Include="chap_8_x_q3.cpp">
      <Filter>Source Files</Filter>
    </ClCompile>
    <ClCompile Include="chap_9_x_q1.cpp">
      <Filter>Source Files</Filter>
    </ClCompile>
    <ClCompile Include="main.cpp">
      <Filter>Source Files</Filter>
    </ClCompile>
  </ItemGroup>
  <ItemGroup>
    <ClInclude Include="chap_10_x_q2_a.h">
      <Filter>Header Files</Filter>
    </ClInclude>
    <ClInclude Include="chap_11_9_q1.h">
      <Filter>Header Files</Filter>
    </ClInclude>
    <ClInclude Include="chap_11_X_q2.h">
      <Filter>Header Files</Filter>
    </ClInclude>
    <ClInclude Include="chap_12_x_q5.h">
      <Filter>Header Files</Filter>
    </ClInclude>
    <ClInclude Include="chap_4_x_q2.h">
      <Filter>Header Files</Filter>
    </ClInclude>
    <ClInclude Include="chap_4_x_q3.h">
      <Filter>Header Files</Filter>
    </ClInclude>
    <ClInclude Include="chap_5_7_q1.h">
      <Filter>Header Files</Filter>
    </ClInclude>
    <ClInclude Include="chap_5_x_q4.h">
      <Filter>Header Files</Filter>
    </ClInclude>
    <ClInclude Include="chap_6_3_q2.h">
      <Filter>Header Files</Filter>
    </ClInclude>
    <ClInclude Include="chap_6_8_q2.h">
      <Filter>Header Files</Filter>
    </ClInclude>
    <ClInclude Include="chap_6_x_q1.h">
      <Filter>Header Files</Filter>
    </ClInclude>
    <ClInclude Include="chap_7_3_q1.h">
      <Filter>Header Files</Filter>
    </ClInclude>
    <ClInclude Include="chap_7_x_q2.h">
      <Filter>Header Files</Filter>
    </ClInclude>
    <ClInclude Include="chap_7_x_q3.h">
      <Filter>Header Files</Filter>
    </ClInclude>
    <ClInclude Include="chap_8_10_q1.h">
      <Filter>Header Files</Filter>
    </ClInclude>
    <ClInclude Include="chap_8_10_q2.h">
      <Filter>Header Files</Filter>
    </ClInclude>
    <ClInclude Include="chap_8_10_q4.h">
      <Filter>Header Files</Filter>
    </ClInclude>
    <ClInclude Include="chap_8_6_q1.h">
      <Filter>Header Files</Filter>
    </ClInclude>
    <ClInclude Include="chap_8_8_q2.h">
      <Filter>Header Files</Filter>
    </ClInclude>
    <ClInclude Include="chap_8_8_q3.h">
      <Filter>Header Files</Filter>
    </ClInclude>
    <ClInclude Include="chap_8_8_q4.h">
      <Filter>Header Files</Filter>
    </ClInclude>
    <ClInclude Include="chap_8_x_q1.h">
      <Filter>Header Files</Filter>
    </ClInclude>
    <ClInclude Include="chap_8_x_q2.h">
      <Filter>Header Files</Filter>
    </ClInclude>
    <ClInclude Include="chap_8_x_q3.h">
      <Filter>Header Files</Filter>
    </ClInclude>
    <ClInclude Include="chap_9_x_q1.h">
      <Filter>Header Files</Filter>
    </ClInclude>
  </ItemGroup>
</Project>